// !$*UTF8*$!
{
	archiveVersion = 1;
	classes = {
	};
	objectVersion = 55;
	objects = {

/* Begin PBXBuildFile section */
		CA247435278938110058B19F /* AppDelegate.m in Sources */ = {isa = PBXBuildFile; fileRef = CA247434278938110058B19F /* AppDelegate.m */; };
		CA247438278938110058B19F /* SceneDelegate.m in Sources */ = {isa = PBXBuildFile; fileRef = CA247437278938110058B19F /* SceneDelegate.m */; };
		CA24743B278938110058B19F /* ViewController.m in Sources */ = {isa = PBXBuildFile; fileRef = CA24743A278938110058B19F /* ViewController.m */; };
		CA24743E278938110058B19F /* Main.storyboard in Resources */ = {isa = PBXBuildFile; fileRef = CA24743C278938110058B19F /* Main.storyboard */; };
		CA247440278938150058B19F /* Assets.xcassets in Resources */ = {isa = PBXBuildFile; fileRef = CA24743F278938150058B19F /* Assets.xcassets */; };
		CA247443278938150058B19F /* LaunchScreen.storyboard in Resources */ = {isa = PBXBuildFile; fileRef = CA247441278938150058B19F /* LaunchScreen.storyboard */; };
		CA247446278938150058B19F /* main.m in Sources */ = {isa = PBXBuildFile; fileRef = CA247445278938150058B19F /* main.m */; };
		CA247450278938150058B19F /* ____Tests.m in Sources */ = {isa = PBXBuildFile; fileRef = CA24744F278938150058B19F /* ____Tests.m */; };
		CA24745A278938150058B19F /* ____UITests.m in Sources */ = {isa = PBXBuildFile; fileRef = CA247459278938150058B19F /* ____UITests.m */; };
		CA24745C278938150058B19F /* ____UITestsLaunchTests.m in Sources */ = {isa = PBXBuildFile; fileRef = CA24745B278938150058B19F /* ____UITestsLaunchTests.m */; };
		CA24746E278938E90058B19F /* registerController.m in Sources */ = {isa = PBXBuildFile; fileRef = CA24746D278938E90058B19F /* registerController.m */; };
		CA247471278939020058B19F /* registerView.m in Sources */ = {isa = PBXBuildFile; fileRef = CA247470278939020058B19F /* registerView.m */; };
		CA247474278939220058B19F /* registerModel.m in Sources */ = {isa = PBXBuildFile; fileRef = CA247473278939220058B19F /* registerModel.m */; };
/* End PBXBuildFile section */

/* Begin PBXContainerItemProxy section */
		CA24744C278938150058B19F /* PBXContainerItemProxy */ = {
			isa = PBXContainerItemProxy;
			containerPortal = CA247428278938110058B19F /* Project object */;
			proxyType = 1;
			remoteGlobalIDString = CA24742F278938110058B19F;
			remoteInfo = "安安趣跑";
		};
		CA247456278938150058B19F /* PBXContainerItemProxy */ = {
			isa = PBXContainerItemProxy;
			containerPortal = CA247428278938110058B19F /* Project object */;
			proxyType = 1;
			remoteGlobalIDString = CA24742F278938110058B19F;
			remoteInfo = "安安趣跑";
		};
/* End PBXContainerItemProxy section */

/* Begin PBXFileReference section */
		CA247430278938110058B19F /* 安安趣跑.app */ = {isa = PBXFileReference; explicitFileType = wrapper.application; includeInIndex = 0; path = "安安趣跑.app"; sourceTree = BUILT_PRODUCTS_DIR; };
		CA247433278938110058B19F /* AppDelegate.h */ = {isa = PBXFileReference; lastKnownFileType = sourcecode.c.h; path = AppDelegate.h; sourceTree = "<group>"; };
		CA247434278938110058B19F /* AppDelegate.m */ = {isa = PBXFileReference; lastKnownFileType = sourcecode.c.objc; path = AppDelegate.m; sourceTree = "<group>"; };
		CA247436278938110058B19F /* SceneDelegate.h */ = {isa = PBXFileReference; lastKnownFileType = sourcecode.c.h; path = SceneDelegate.h; sourceTree = "<group>"; };
		CA247437278938110058B19F /* SceneDelegate.m */ = {isa = PBXFileReference; lastKnownFileType = sourcecode.c.objc; path = SceneDelegate.m; sourceTree = "<group>"; };
		CA247439278938110058B19F /* ViewController.h */ = {isa = PBXFileReference; lastKnownFileType = sourcecode.c.h; path = ViewController.h; sourceTree = "<group>"; };
		CA24743A278938110058B19F /* ViewController.m */ = {isa = PBXFileReference; lastKnownFileType = sourcecode.c.objc; path = ViewController.m; sourceTree = "<group>"; };
		CA24743D278938110058B19F /* Base */ = {isa = PBXFileReference; lastKnownFileType = file.storyboard; name = Base; path = Base.lproj/Main.storyboard; sourceTree = "<group>"; };
		CA24743F278938150058B19F /* Assets.xcassets */ = {isa = PBXFileReference; lastKnownFileType = folder.assetcatalog; path = Assets.xcassets; sourceTree = "<group>"; };
		CA247442278938150058B19F /* Base */ = {isa = PBXFileReference; lastKnownFileType = file.storyboard; name = Base; path = Base.lproj/LaunchScreen.storyboard; sourceTree = "<group>"; };
		CA247444278938150058B19F /* Info.plist */ = {isa = PBXFileReference; lastKnownFileType = text.plist.xml; path = Info.plist; sourceTree = "<group>"; };
		CA247445278938150058B19F /* main.m */ = {isa = PBXFileReference; lastKnownFileType = sourcecode.c.objc; path = main.m; sourceTree = "<group>"; };
		CA24744B278938150058B19F /* 安安趣跑Tests.xctest */ = {isa = PBXFileReference; explicitFileType = wrapper.cfbundle; includeInIndex = 0; path = "安安趣跑Tests.xctest"; sourceTree = BUILT_PRODUCTS_DIR; };
		CA24744F278938150058B19F /* ____Tests.m */ = {isa = PBXFileReference; lastKnownFileType = sourcecode.c.objc; path = "____Tests.m"; sourceTree = "<group>"; };
		CA247455278938150058B19F /* 安安趣跑UITests.xctest */ = {isa = PBXFileReference; explicitFileType = wrapper.cfbundle; includeInIndex = 0; path = "安安趣跑UITests.xctest"; sourceTree = BUILT_PRODUCTS_DIR; };
		CA247459278938150058B19F /* ____UITests.m */ = {isa = PBXFileReference; lastKnownFileType = sourcecode.c.objc; path = "____UITests.m"; sourceTree = "<group>"; };
		CA24745B278938150058B19F /* ____UITestsLaunchTests.m */ = {isa = PBXFileReference; lastKnownFileType = sourcecode.c.objc; path = "____UITestsLaunchTests.m"; sourceTree = "<group>"; };
		CA24746C278938E90058B19F /* registerController.h */ = {isa = PBXFileReference; lastKnownFileType = sourcecode.c.h; path = registerController.h; sourceTree = "<group>"; };
		CA24746D278938E90058B19F /* registerController.m */ = {isa = PBXFileReference; lastKnownFileType = sourcecode.c.objc; path = registerController.m; sourceTree = "<group>"; };
		CA24746F278939020058B19F /* registerView.h */ = {isa = PBXFileReference; lastKnownFileType = sourcecode.c.h; path = registerView.h; sourceTree = "<group>"; };
		CA247470278939020058B19F /* registerView.m */ = {isa = PBXFileReference; lastKnownFileType = sourcecode.c.objc; path = registerView.m; sourceTree = "<group>"; };
		CA247472278939220058B19F /* registerModel.h */ = {isa = PBXFileReference; lastKnownFileType = sourcecode.c.h; path = registerModel.h; sourceTree = "<group>"; };
		CA247473278939220058B19F /* registerModel.m */ = {isa = PBXFileReference; lastKnownFileType = sourcecode.c.objc; path = registerModel.m; sourceTree = "<group>"; };
/* End PBXFileReference section */

/* Begin PBXFrameworksBuildPhase section */
		CA24742D278938110058B19F /* Frameworks */ = {
			isa = PBXFrameworksBuildPhase;
			buildActionMask = 2147483647;
			files = (
			);
			runOnlyForDeploymentPostprocessing = 0;
		};
		CA247448278938150058B19F /* Frameworks */ = {
			isa = PBXFrameworksBuildPhase;
			buildActionMask = 2147483647;
			files = (
			);
			runOnlyForDeploymentPostprocessing = 0;
		};
		CA247452278938150058B19F /* Frameworks */ = {
			isa = PBXFrameworksBuildPhase;
			buildActionMask = 2147483647;
			files = (
			);
			runOnlyForDeploymentPostprocessing = 0;
		};
/* End PBXFrameworksBuildPhase section */

/* Begin PBXGroup section */
		CA247427278938110058B19F = {
			isa = PBXGroup;
			children = (
				CA247432278938110058B19F /* 安安趣跑 */,
				CA24744E278938150058B19F /* 安安趣跑Tests */,
				CA247458278938150058B19F /* 安安趣跑UITests */,
				CA247431278938110058B19F /* Products */,
			);
			sourceTree = "<group>";
		};
		CA247431278938110058B19F /* Products */ = {
			isa = PBXGroup;
			children = (
				CA247430278938110058B19F /* 安安趣跑.app */,
				CA24744B278938150058B19F /* 安安趣跑Tests.xctest */,
				CA247455278938150058B19F /* 安安趣跑UITests.xctest */,
			);
			name = Products;
			sourceTree = "<group>";
		};
		CA247432278938110058B19F /* 安安趣跑 */ = {
			isa = PBXGroup;
			children = (
				CA247433278938110058B19F /* AppDelegate.h */,
				CA247434278938110058B19F /* AppDelegate.m */,
				CA247436278938110058B19F /* SceneDelegate.h */,
				CA247437278938110058B19F /* SceneDelegate.m */,
				CA247439278938110058B19F /* ViewController.h */,
				CA24743A278938110058B19F /* ViewController.m */,
				CA2474682789385F0058B19F /* register */,
				CA24743C278938110058B19F /* Main.storyboard */,
				CA24743F278938150058B19F /* Assets.xcassets */,
				CA247441278938150058B19F /* LaunchScreen.storyboard */,
				CA247444278938150058B19F /* Info.plist */,
				CA247445278938150058B19F /* main.m */,
			);
			path = "安安趣跑";
			sourceTree = "<group>";
		};
		CA24744E278938150058B19F /* 安安趣跑Tests */ = {
			isa = PBXGroup;
			children = (
				CA24744F278938150058B19F /* ____Tests.m */,
			);
			path = "安安趣跑Tests";
			sourceTree = "<group>";
		};
		CA247458278938150058B19F /* 安安趣跑UITests */ = {
			isa = PBXGroup;
			children = (
				CA247459278938150058B19F /* ____UITests.m */,
				CA24745B278938150058B19F /* ____UITestsLaunchTests.m */,
			);
			path = "安安趣跑UITests";
			sourceTree = "<group>";
		};
		CA2474682789385F0058B19F /* register */ = {
			isa = PBXGroup;
			children = (
				CA24746B278938960058B19F /* registerModel */,
				CA24746A278938940058B19F /* registerView */,
				CA247469278938910058B19F /* registerController */,
			);
			path = register;
			sourceTree = "<group>";
		};
		CA247469278938910058B19F /* registerController */ = {
			isa = PBXGroup;
			children = (
				CA24746C278938E90058B19F /* registerController.h */,
				CA24746D278938E90058B19F /* registerController.m */,
			);
			path = registerController;
			sourceTree = "<group>";
		};
		CA24746A278938940058B19F /* registerView */ = {
			isa = PBXGroup;
			children = (
				CA24746F278939020058B19F /* registerView.h */,
				CA247470278939020058B19F /* registerView.m */,
			);
			path = registerView;
			sourceTree = "<group>";
		};
		CA24746B278938960058B19F /* registerModel */ = {
			isa = PBXGroup;
			children = (
				CA247472278939220058B19F /* registerModel.h */,
				CA247473278939220058B19F /* registerModel.m */,
			);
			path = registerModel;
			sourceTree = "<group>";
		};
/* End PBXGroup section */

/* Begin PBXNativeTarget section */
		CA24742F278938110058B19F /* 安安趣跑 */ = {
			isa = PBXNativeTarget;
			buildConfigurationList = CA24745F278938150058B19F /* Build configuration list for PBXNativeTarget "安安趣跑" */;
			buildPhases = (
				CA24742C278938110058B19F /* Sources */,
				CA24742D278938110058B19F /* Frameworks */,
				CA24742E278938110058B19F /* Resources */,
			);
			buildRules = (
			);
			dependencies = (
			);
			name = "安安趣跑";
			productName = "安安趣跑";
			productReference = CA247430278938110058B19F /* 安安趣跑.app */;
			productType = "com.apple.product-type.application";
		};
		CA24744A278938150058B19F /* 安安趣跑Tests */ = {
			isa = PBXNativeTarget;
			buildConfigurationList = CA247462278938150058B19F /* Build configuration list for PBXNativeTarget "安安趣跑Tests" */;
			buildPhases = (
				CA247447278938150058B19F /* Sources */,
				CA247448278938150058B19F /* Frameworks */,
				CA247449278938150058B19F /* Resources */,
			);
			buildRules = (
			);
			dependencies = (
				CA24744D278938150058B19F /* PBXTargetDependency */,
			);
			name = "安安趣跑Tests";
			productName = "安安趣跑Tests";
			productReference = CA24744B278938150058B19F /* 安安趣跑Tests.xctest */;
			productType = "com.apple.product-type.bundle.unit-test";
		};
		CA247454278938150058B19F /* 安安趣跑UITests */ = {
			isa = PBXNativeTarget;
			buildConfigurationList = CA247465278938150058B19F /* Build configuration list for PBXNativeTarget "安安趣跑UITests" */;
			buildPhases = (
				CA247451278938150058B19F /* Sources */,
				CA247452278938150058B19F /* Frameworks */,
				CA247453278938150058B19F /* Resources */,
			);
			buildRules = (
			);
			dependencies = (
				CA247457278938150058B19F /* PBXTargetDependency */,
			);
			name = "安安趣跑UITests";
			productName = "安安趣跑UITests";
			productReference = CA247455278938150058B19F /* 安安趣跑UITests.xctest */;
			productType = "com.apple.product-type.bundle.ui-testing";
		};
/* End PBXNativeTarget section */

/* Begin PBXProject section */
		CA247428278938110058B19F /* Project object */ = {
			isa = PBXProject;
			attributes = {
				BuildIndependentTargetsInParallel = 1;
				LastUpgradeCheck = 1320;
				TargetAttributes = {
					CA24742F278938110058B19F = {
						CreatedOnToolsVersion = 13.2.1;
					};
					CA24744A278938150058B19F = {
						CreatedOnToolsVersion = 13.2.1;
						TestTargetID = CA24742F278938110058B19F;
					};
					CA247454278938150058B19F = {
						CreatedOnToolsVersion = 13.2.1;
						TestTargetID = CA24742F278938110058B19F;
					};
				};
			};
			buildConfigurationList = CA24742B278938110058B19F /* Build configuration list for PBXProject "安安趣跑" */;
			compatibilityVersion = "Xcode 13.0";
			developmentRegion = en;
			hasScannedForEncodings = 0;
			knownRegions = (
				en,
				Base,
			);
			mainGroup = CA247427278938110058B19F;
			productRefGroup = CA247431278938110058B19F /* Products */;
			projectDirPath = "";
			projectRoot = "";
			targets = (
				CA24742F278938110058B19F /* 安安趣跑 */,
				CA24744A278938150058B19F /* 安安趣跑Tests */,
				CA247454278938150058B19F /* 安安趣跑UITests */,
			);
		};
/* End PBXProject section */

/* Begin PBXResourcesBuildPhase section */
		CA24742E278938110058B19F /* Resources */ = {
			isa = PBXResourcesBuildPhase;
			buildActionMask = 2147483647;
			files = (
				CA247443278938150058B19F /* LaunchScreen.storyboard in Resources */,
				CA247440278938150058B19F /* Assets.xcassets in Resources */,
				CA24743E278938110058B19F /* Main.storyboard in Resources */,
			);
			runOnlyForDeploymentPostprocessing = 0;
		};
		CA247449278938150058B19F /* Resources */ = {
			isa = PBXResourcesBuildPhase;
			buildActionMask = 2147483647;
			files = (
			);
			runOnlyForDeploymentPostprocessing = 0;
		};
		CA247453278938150058B19F /* Resources */ = {
			isa = PBXResourcesBuildPhase;
			buildActionMask = 2147483647;
			files = (
			);
			runOnlyForDeploymentPostprocessing = 0;
		};
/* End PBXResourcesBuildPhase section */

/* Begin PBXSourcesBuildPhase section */
		CA24742C278938110058B19F /* Sources */ = {
			isa = PBXSourcesBuildPhase;
			buildActionMask = 2147483647;
			files = (
				CA247474278939220058B19F /* registerModel.m in Sources */,
				CA24743B278938110058B19F /* ViewController.m in Sources */,
				CA247471278939020058B19F /* registerView.m in Sources */,
				CA247435278938110058B19F /* AppDelegate.m in Sources */,
				CA247446278938150058B19F /* main.m in Sources */,
				CA247438278938110058B19F /* SceneDelegate.m in Sources */,
				CA24746E278938E90058B19F /* registerController.m in Sources */,
			);
			runOnlyForDeploymentPostprocessing = 0;
		};
		CA247447278938150058B19F /* Sources */ = {
			isa = PBXSourcesBuildPhase;
			buildActionMask = 2147483647;
			files = (
				CA247450278938150058B19F /* ____Tests.m in Sources */,
			);
			runOnlyForDeploymentPostprocessing = 0;
		};
		CA247451278938150058B19F /* Sources */ = {
			isa = PBXSourcesBuildPhase;
			buildActionMask = 2147483647;
			files = (
				CA24745C278938150058B19F /* ____UITestsLaunchTests.m in Sources */,
				CA24745A278938150058B19F /* ____UITests.m in Sources */,
			);
			runOnlyForDeploymentPostprocessing = 0;
		};
/* End PBXSourcesBuildPhase section */

/* Begin PBXTargetDependency section */
		CA24744D278938150058B19F /* PBXTargetDependency */ = {
			isa = PBXTargetDependency;
			target = CA24742F278938110058B19F /* 安安趣跑 */;
			targetProxy = CA24744C278938150058B19F /* PBXContainerItemProxy */;
		};
		CA247457278938150058B19F /* PBXTargetDependency */ = {
			isa = PBXTargetDependency;
			target = CA24742F278938110058B19F /* 安安趣跑 */;
			targetProxy = CA247456278938150058B19F /* PBXContainerItemProxy */;
		};
/* End PBXTargetDependency section */

/* Begin PBXVariantGroup section */
		CA24743C278938110058B19F /* Main.storyboard */ = {
			isa = PBXVariantGroup;
			children = (
				CA24743D278938110058B19F /* Base */,
			);
			name = Main.storyboard;
			sourceTree = "<group>";
		};
		CA247441278938150058B19F /* LaunchScreen.storyboard */ = {
			isa = PBXVariantGroup;
			children = (
				CA247442278938150058B19F /* Base */,
			);
			name = LaunchScreen.storyboard;
			sourceTree = "<group>";
		};
/* End PBXVariantGroup section */

/* Begin XCBuildConfiguration section */
		CA24745D278938150058B19F /* Debug */ = {
			isa = XCBuildConfiguration;
			buildSettings = {
				ALWAYS_SEARCH_USER_PATHS = NO;
				CLANG_ANALYZER_NONNULL = YES;
				CLANG_ANALYZER_NUMBER_OBJECT_CONVERSION = YES_AGGRESSIVE;
				CLANG_CXX_LANGUAGE_STANDARD = "gnu++17";
				CLANG_CXX_LIBRARY = "libc++";
				CLANG_ENABLE_MODULES = YES;
				CLANG_ENABLE_OBJC_ARC = YES;
				CLANG_ENABLE_OBJC_WEAK = YES;
				CLANG_WARN_BLOCK_CAPTURE_AUTORELEASING = YES;
				CLANG_WARN_BOOL_CONVERSION = YES;
				CLANG_WARN_COMMA = YES;
				CLANG_WARN_CONSTANT_CONVERSION = YES;
				CLANG_WARN_DEPRECATED_OBJC_IMPLEMENTATIONS = YES;
				CLANG_WARN_DIRECT_OBJC_ISA_USAGE = YES_ERROR;
				CLANG_WARN_DOCUMENTATION_COMMENTS = YES;
				CLANG_WARN_EMPTY_BODY = YES;
				CLANG_WARN_ENUM_CONVERSION = YES;
				CLANG_WARN_INFINITE_RECURSION = YES;
				CLANG_WARN_INT_CONVERSION = YES;
				CLANG_WARN_NON_LITERAL_NULL_CONVERSION = YES;
				CLANG_WARN_OBJC_IMPLICIT_RETAIN_SELF = YES;
				CLANG_WARN_OBJC_LITERAL_CONVERSION = YES;
				CLANG_WARN_OBJC_ROOT_CLASS = YES_ERROR;
				CLANG_WARN_QUOTED_INCLUDE_IN_FRAMEWORK_HEADER = YES;
				CLANG_WARN_RANGE_LOOP_ANALYSIS = YES;
				CLANG_WARN_STRICT_PROTOTYPES = YES;
				CLANG_WARN_SUSPICIOUS_MOVE = YES;
				CLANG_WARN_UNGUARDED_AVAILABILITY = YES_AGGRESSIVE;
				CLANG_WARN_UNREACHABLE_CODE = YES;
				CLANG_WARN__DUPLICATE_METHOD_MATCH = YES;
				COPY_PHASE_STRIP = NO;
				DEBUG_INFORMATION_FORMAT = dwarf;
				ENABLE_STRICT_OBJC_MSGSEND = YES;
				ENABLE_TESTABILITY = YES;
				GCC_C_LANGUAGE_STANDARD = gnu11;
				GCC_DYNAMIC_NO_PIC = NO;
				GCC_NO_COMMON_BLOCKS = YES;
				GCC_OPTIMIZATION_LEVEL = 0;
				GCC_PREPROCESSOR_DEFINITIONS = (
					"DEBUG=1",
					"$(inherited)",
				);
				GCC_WARN_64_TO_32_BIT_CONVERSION = YES;
				GCC_WARN_ABOUT_RETURN_TYPE = YES_ERROR;
				GCC_WARN_UNDECLARED_SELECTOR = YES;
				GCC_WARN_UNINITIALIZED_AUTOS = YES_AGGRESSIVE;
				GCC_WARN_UNUSED_FUNCTION = YES;
				GCC_WARN_UNUSED_VARIABLE = YES;
				IPHONEOS_DEPLOYMENT_TARGET = 15.2;
				MTL_ENABLE_DEBUG_INFO = INCLUDE_SOURCE;
				MTL_FAST_MATH = YES;
				ONLY_ACTIVE_ARCH = YES;
				SDKROOT = iphoneos;
			};
			name = Debug;
		};
		CA24745E278938150058B19F /* Release */ = {
			isa = XCBuildConfiguration;
			buildSettings = {
				ALWAYS_SEARCH_USER_PATHS = NO;
				CLANG_ANALYZER_NONNULL = YES;
				CLANG_ANALYZER_NUMBER_OBJECT_CONVERSION = YES_AGGRESSIVE;
				CLANG_CXX_LANGUAGE_STANDARD = "gnu++17";
				CLANG_CXX_LIBRARY = "libc++";
				CLANG_ENABLE_MODULES = YES;
				CLANG_ENABLE_OBJC_ARC = YES;
				CLANG_ENABLE_OBJC_WEAK = YES;
				CLANG_WARN_BLOCK_CAPTURE_AUTORELEASING = YES;
				CLANG_WARN_BOOL_CONVERSION = YES;
				CLANG_WARN_COMMA = YES;
				CLANG_WARN_CONSTANT_CONVERSION = YES;
				CLANG_WARN_DEPRECATED_OBJC_IMPLEMENTATIONS = YES;
				CLANG_WARN_DIRECT_OBJC_ISA_USAGE = YES_ERROR;
				CLANG_WARN_DOCUMENTATION_COMMENTS = YES;
				CLANG_WARN_EMPTY_BODY = YES;
				CLANG_WARN_ENUM_CONVERSION = YES;
				CLANG_WARN_INFINITE_RECURSION = YES;
				CLANG_WARN_INT_CONVERSION = YES;
				CLANG_WARN_NON_LITERAL_NULL_CONVERSION = YES;
				CLANG_WARN_OBJC_IMPLICIT_RETAIN_SELF = YES;
				CLANG_WARN_OBJC_LITERAL_CONVERSION = YES;
				CLANG_WARN_OBJC_ROOT_CLASS = YES_ERROR;
				CLANG_WARN_QUOTED_INCLUDE_IN_FRAMEWORK_HEADER = YES;
				CLANG_WARN_RANGE_LOOP_ANALYSIS = YES;
				CLANG_WARN_STRICT_PROTOTYPES = YES;
				CLANG_WARN_SUSPICIOUS_MOVE = YES;
				CLANG_WARN_UNGUARDED_AVAILABILITY = YES_AGGRESSIVE;
				CLANG_WARN_UNREACHABLE_CODE = YES;
				CLANG_WARN__DUPLICATE_METHOD_MATCH = YES;
				COPY_PHASE_STRIP = NO;
				DEBUG_INFORMATION_FORMAT = "dwarf-with-dsym";
				ENABLE_NS_ASSERTIONS = NO;
				ENABLE_STRICT_OBJC_MSGSEND = YES;
				GCC_C_LANGUAGE_STANDARD = gnu11;
				GCC_NO_COMMON_BLOCKS = YES;
				GCC_WARN_64_TO_32_BIT_CONVERSION = YES;
				GCC_WARN_ABOUT_RETURN_TYPE = YES_ERROR;
				GCC_WARN_UNDECLARED_SELECTOR = YES;
				GCC_WARN_UNINITIALIZED_AUTOS = YES_AGGRESSIVE;
				GCC_WARN_UNUSED_FUNCTION = YES;
				GCC_WARN_UNUSED_VARIABLE = YES;
				IPHONEOS_DEPLOYMENT_TARGET = 15.2;
				MTL_ENABLE_DEBUG_INFO = NO;
				MTL_FAST_MATH = YES;
				SDKROOT = iphoneos;
				VALIDATE_PRODUCT = YES;
			};
			name = Release;
		};
		CA247460278938150058B19F /* Debug */ = {
			isa = XCBuildConfiguration;
			buildSettings = {
				ASSETCATALOG_COMPILER_APPICON_NAME = AppIcon;
				ASSETCATALOG_COMPILER_GLOBAL_ACCENT_COLOR_NAME = AccentColor;
				CODE_SIGN_STYLE = Automatic;
				CURRENT_PROJECT_VERSION = 1;
				DEVELOPMENT_TEAM = 574B733AJH;
				GENERATE_INFOPLIST_FILE = YES;
				INFOPLIST_FILE = "安安趣跑/Info.plist";
				INFOPLIST_KEY_UIApplicationSupportsIndirectInputEvents = YES;
				INFOPLIST_KEY_UILaunchStoryboardName = LaunchScreen;
				INFOPLIST_KEY_UIMainStoryboardFile = Main;
				INFOPLIST_KEY_UISupportedInterfaceOrientations_iPad = "UIInterfaceOrientationPortrait UIInterfaceOrientationPortraitUpsideDown UIInterfaceOrientationLandscapeLeft UIInterfaceOrientationLandscapeRight";
				INFOPLIST_KEY_UISupportedInterfaceOrientations_iPhone = "UIInterfaceOrientationPortrait UIInterfaceOrientationLandscapeLeft UIInterfaceOrientationLandscapeRight";
				LD_RUNPATH_SEARCH_PATHS = (
					"$(inherited)",
					"@executable_path/Frameworks",
				);
				MARKETING_VERSION = 1.0;
				PRODUCT_BUNDLE_IDENTIFIER = "test1.----";
				PRODUCT_NAME = "$(TARGET_NAME)";
				SWIFT_EMIT_LOC_STRINGS = YES;
				TARGETED_DEVICE_FAMILY = "1,2";
			};
			name = Debug;
		};
		CA247461278938150058B19F /* Release */ = {
			isa = XCBuildConfiguration;
			buildSettings = {
				ASSETCATALOG_COMPILER_APPICON_NAME = AppIcon;
				ASSETCATALOG_COMPILER_GLOBAL_ACCENT_COLOR_NAME = AccentColor;
				CODE_SIGN_STYLE = Automatic;
				CURRENT_PROJECT_VERSION = 1;
				DEVELOPMENT_TEAM = 574B733AJH;
				GENERATE_INFOPLIST_FILE = YES;
				INFOPLIST_FILE = "安安趣跑/Info.plist";
				INFOPLIST_KEY_UIApplicationSupportsIndirectInputEvents = YES;
				INFOPLIST_KEY_UILaunchStoryboardName = LaunchScreen;
				INFOPLIST_KEY_UIMainStoryboardFile = Main;
				INFOPLIST_KEY_UISupportedInterfaceOrientations_iPad = "UIInterfaceOrientationPortrait UIInterfaceOrientationPortraitUpsideDown UIInterfaceOrientationLandscapeLeft UIInterfaceOrientationLandscapeRight";
				INFOPLIST_KEY_UISupportedInterfaceOrientations_iPhone = "UIInterfaceOrientationPortrait UIInterfaceOrientationLandscapeLeft UIInterfaceOrientationLandscapeRight";
				LD_RUNPATH_SEARCH_PATHS = (
					"$(inherited)",
					"@executable_path/Frameworks",
				);
				MARKETING_VERSION = 1.0;
				PRODUCT_BUNDLE_IDENTIFIER = "test1.----";
				PRODUCT_NAME = "$(TARGET_NAME)";
				SWIFT_EMIT_LOC_STRINGS = YES;
				TARGETED_DEVICE_FAMILY = "1,2";
			};
			name = Release;
		};
		CA247463278938150058B19F /* Debug */ = {
			isa = XCBuildConfiguration;
			buildSettings = {
				BUNDLE_LOADER = "$(TEST_HOST)";
				CODE_SIGN_STYLE = Automatic;
				CURRENT_PROJECT_VERSION = 1;
				DEVELOPMENT_TEAM = 574B733AJH;
				GENERATE_INFOPLIST_FILE = YES;
				IPHONEOS_DEPLOYMENT_TARGET = 15.2;
				MARKETING_VERSION = 1.0;
				PRODUCT_BUNDLE_IDENTIFIER = "test1.----Tests";
				PRODUCT_NAME = "$(TARGET_NAME)";
				SWIFT_EMIT_LOC_STRINGS = NO;
				TARGETED_DEVICE_FAMILY = "1,2";
				TEST_HOST = "$(BUILT_PRODUCTS_DIR)/安安趣跑.app/安安趣跑";
			};
			name = Debug;
		};
		CA247464278938150058B19F /* Release */ = {
			isa = XCBuildConfiguration;
			buildSettings = {
				BUNDLE_LOADER = "$(TEST_HOST)";
				CODE_SIGN_STYLE = Automatic;
				CURRENT_PROJECT_VERSION = 1;
				DEVELOPMENT_TEAM = 574B733AJH;
				GENERATE_INFOPLIST_FILE = YES;
				IPHONEOS_DEPLOYMENT_TARGET = 15.2;
				MARKETING_VERSION = 1.0;
				PRODUCT_BUNDLE_IDENTIFIER = "test1.----Tests";
				PRODUCT_NAME = "$(TARGET_NAME)";
				SWIFT_EMIT_LOC_STRINGS = NO;
				TARGETED_DEVICE_FAMILY = "1,2";
				TEST_HOST = "$(BUILT_PRODUCTS_DIR)/安安趣跑.app/安安趣跑";
			};
			name = Release;
		};
		CA247466278938150058B19F /* Debug */ = {
			isa = XCBuildConfiguration;
			buildSettings = {
				CODE_SIGN_STYLE = Automatic;
				CURRENT_PROJECT_VERSION = 1;
				DEVELOPMENT_TEAM = 574B733AJH;
				GENERATE_INFOPLIST_FILE = YES;
				MARKETING_VERSION = 1.0;
				PRODUCT_BUNDLE_IDENTIFIER = "test1.----UITests";
				PRODUCT_NAME = "$(TARGET_NAME)";
				SWIFT_EMIT_LOC_STRINGS = NO;
				TARGETED_DEVICE_FAMILY = "1,2";
				TEST_TARGET_NAME = "安安趣跑";
			};
			name = Debug;
		};
		CA247467278938150058B19F /* Release */ = {
			isa = XCBuildConfiguration;
			buildSettings = {
				CODE_SIGN_STYLE = Automatic;
				CURRENT_PROJECT_VERSION = 1;
				DEVELOPMENT_TEAM = 574B733AJH;
				GENERATE_INFOPLIST_FILE = YES;
				MARKETING_VERSION = 1.0;
				PRODUCT_BUNDLE_IDENTIFIER = "test1.----UITests";
				PRODUCT_NAME = "$(TARGET_NAME)";
				SWIFT_EMIT_LOC_STRINGS = NO;
				TARGETED_DEVICE_FAMILY = "1,2";
				TEST_TARGET_NAME = "安安趣跑";
			};
			name = Release;
		};
/* End XCBuildConfiguration section */

/* Begin XCConfigurationList section */
		CA24742B278938110058B19F /* Build configuration list for PBXProject "安安趣跑" */ = {
			isa = XCConfigurationList;
			buildConfigurations = (
				CA24745D278938150058B19F /* Debug */,
				CA24745E278938150058B19F /* Release */,
			);
			defaultConfigurationIsVisible = 0;
			defaultConfigurationName = Release;
		};
		CA24745F278938150058B19F /* Build configuration list for PBXNativeTarget "安安趣跑" */ = {
			isa = XCConfigurationList;
			buildConfigurations = (
				CA247460278938150058B19F /* Debug */,
				CA247461278938150058B19F /* Release */,
			);
			defaultConfigurationIsVisible = 0;
			defaultConfigurationName = Release;
		};
		CA247462278938150058B19F /* Build configuration list for PBXNativeTarget "安安趣跑Tests" */ = {
			isa = XCConfigurationList;
			buildConfigurations = (
				CA247463278938150058B19F /* Debug */,
				CA247464278938150058B19F /* Release */,
			);
			defaultConfigurationIsVisible = 0;
			defaultConfigurationName = Release;
		};
		CA247465278938150058B19F /* Build configuration list for PBXNativeTarget "安安趣跑UITests" */ = {
			isa = XCConfigurationList;
			buildConfigurations = (
				CA247466278938150058B19F /* Debug */,
				CA247467278938150058B19F /* Release */,
			);
			defaultConfigurationIsVisible = 0;
			defaultConfigurationName = Release;
		};
/* End XCConfigurationList section */
	};
	rootObject = CA247428278938110058B19F /* Project object */;
}
